
Microsoft Visual Studio Solution File, Format Version 12.00
# Visual Studio Version 16
VisualStudioVersion = 16.0.30413.136
MinimumVisualStudioVersion = 10.0.40219.1
Project("{FAE04EC0-301F-11D3-BF4B-00C04F79EFBC}") = "Ej22_Factorial", "Ej22_Factorial\Ej22_Factorial.csproj", "{30A5704C-9F44-4407-A3C3-2395059210AE}"
EndProject
Global
	GlobalSection(SolutionConfigurationPlatforms) = preSolution
		Debug|Any CPU = Debug|Any CPU
		Release|Any CPU = Release|Any CPU
	EndGlobalSection
	GlobalSection(ProjectConfigurationPlatforms) = postSolution
		{30A5704C-9F44-4407-A3C3-2395059210AE}.Debug|Any CPU.ActiveCfg = Debug|Any CPU
		{30A5704C-9F44-4407-A3C3-2395059210AE}.Debug|Any CPU.Build.0 = Debug|Any CPU
		{30A5704C-9F44-4407-A3C3-2395059210AE}.Release|Any CPU.ActiveCfg = Release|Any CPU
		{30A5704C-9F44-4407-A3C3-2395059210AE}.Release|Any CPU.Build.0 = Release|Any CPU
	EndGlobalSection
	GlobalSection(SolutionProperties) = preSolution
		HideSolutionNode = FALSE
	EndGlobalSection
	GlobalSection(ExtensibilityGlobals) = postSolution
		SolutionGuid = {7135094E-DEA2-43F9-BB16-3C0801267161}
	EndGlobalSection
EndGlobal
